
Microsoft Visual Studio Solution File, Format Version 12.00
# Visual Studio Version 17
VisualStudioVersion = 17.5.33502.453
MinimumVisualStudioVersion = 10.0.40219.1
Project("{9A19103F-16F7-4668-BE54-9A1E7A4F7556}") = "SmellIt.Website", "SmellIt.Website\SmellIt.Website.csproj", "{D4E4E8A1-798C-4F87-83E4-7FCB4862CF3A}"
EndProject
Project("{9A19103F-16F7-4668-BE54-9A1E7A4F7556}") = "SmellIt.Admin", "SmellIt.Admin\SmellIt.Admin.csproj", "{24403B49-C050-4E93-835F-693A7FB0B6E3}"
EndProject
Project("{9A19103F-16F7-4668-BE54-9A1E7A4F7556}") = "SmellIt.Domain", "SmellIt.Domain\SmellIt.Domain.csproj", "{0CA745FF-B3D5-43BA-91C4-01B2AB597062}"
EndProject
Project("{9A19103F-16F7-4668-BE54-9A1E7A4F7556}") = "SmellIt.Application", "SmellIt.Application\SmellIt.Application.csproj", "{13B636A3-AF05-46BB-984F-03DAB947F66A}"
EndProject
Project("{9A19103F-16F7-4668-BE54-9A1E7A4F7556}") = "SmellIt.Infrastructure", "SmellIt.Infrastructure\SmellIt.Infrastructure.csproj", "{86F1BE37-3871-4A64-BB4B-AA149A0D0C02}"
EndProject
Project("{9A19103F-16F7-4668-BE54-9A1E7A4F7556}") = "SmellIt.ApplicationTests", "SmellIt.ApplicationTests\SmellIt.ApplicationTests.csproj", "{89FB1A1E-22C3-49D2-B43D-C67849AAFC82}"
EndProject
Project("{9A19103F-16F7-4668-BE54-9A1E7A4F7556}") = "SmellIt.DomainTests", "SmellIt.DomainTests\SmellIt.DomainTests.csproj", "{68E9806B-2DA6-4D80-8703-A5256A134D38}"
EndProject
Project("{2150E333-8FDC-42A3-9474-1A3956D46DE8}") = "Tests", "Tests", "{59EBC1A3-A8B0-477B-BB5E-13AED7BF788B}"
EndProject
Project("{FAE04EC0-301F-11D3-BF4B-00C04F79EFBC}") = "SmellIt.InfrastructureTests", "SmellIt.InfrastructureTests\SmellIt.InfrastructureTests.csproj", "{C3934718-CEFE-4AA4-955B-ADBC4B627E3F}"
EndProject
Global
	GlobalSection(SolutionConfigurationPlatforms) = preSolution
		Debug|Any CPU = Debug|Any CPU
		Release|Any CPU = Release|Any CPU
	EndGlobalSection
	GlobalSection(ProjectConfigurationPlatforms) = postSolution
		{D4E4E8A1-798C-4F87-83E4-7FCB4862CF3A}.Debug|Any CPU.ActiveCfg = Debug|Any CPU
		{D4E4E8A1-798C-4F87-83E4-7FCB4862CF3A}.Debug|Any CPU.Build.0 = Debug|Any CPU
		{D4E4E8A1-798C-4F87-83E4-7FCB4862CF3A}.Release|Any CPU.ActiveCfg = Release|Any CPU
		{D4E4E8A1-798C-4F87-83E4-7FCB4862CF3A}.Release|Any CPU.Build.0 = Release|Any CPU
		{24403B49-C050-4E93-835F-693A7FB0B6E3}.Debug|Any CPU.ActiveCfg = Debug|Any CPU
		{24403B49-C050-4E93-835F-693A7FB0B6E3}.Debug|Any CPU.Build.0 = Debug|Any CPU
		{24403B49-C050-4E93-835F-693A7FB0B6E3}.Release|Any CPU.ActiveCfg = Release|Any CPU
		{24403B49-C050-4E93-835F-693A7FB0B6E3}.Release|Any CPU.Build.0 = Release|Any CPU
		{0CA745FF-B3D5-43BA-91C4-01B2AB597062}.Debug|Any CPU.ActiveCfg = Debug|Any CPU
		{0CA745FF-B3D5-43BA-91C4-01B2AB597062}.Debug|Any CPU.Build.0 = Debug|Any CPU
		{0CA745FF-B3D5-43BA-91C4-01B2AB597062}.Release|Any CPU.ActiveCfg = Release|Any CPU
		{0CA745FF-B3D5-43BA-91C4-01B2AB597062}.Release|Any CPU.Build.0 = Release|Any CPU
		{13B636A3-AF05-46BB-984F-03DAB947F66A}.Debug|Any CPU.ActiveCfg = Debug|Any CPU
		{13B636A3-AF05-46BB-984F-03DAB947F66A}.Debug|Any CPU.Build.0 = Debug|Any CPU
		{13B636A3-AF05-46BB-984F-03DAB947F66A}.Release|Any CPU.ActiveCfg = Release|Any CPU
		{13B636A3-AF05-46BB-984F-03DAB947F66A}.Release|Any CPU.Build.0 = Release|Any CPU
		{86F1BE37-3871-4A64-BB4B-AA149A0D0C02}.Debug|Any CPU.ActiveCfg = Debug|Any CPU
		{86F1BE37-3871-4A64-BB4B-AA149A0D0C02}.Debug|Any CPU.Build.0 = Debug|Any CPU
		{86F1BE37-3871-4A64-BB4B-AA149A0D0C02}.Release|Any CPU.ActiveCfg = Release|Any CPU
		{86F1BE37-3871-4A64-BB4B-AA149A0D0C02}.Release|Any CPU.Build.0 = Release|Any CPU
		{89FB1A1E-22C3-49D2-B43D-C67849AAFC82}.Debug|Any CPU.ActiveCfg = Debug|Any CPU
		{89FB1A1E-22C3-49D2-B43D-C67849AAFC82}.Debug|Any CPU.Build.0 = Debug|Any CPU
		{89FB1A1E-22C3-49D2-B43D-C67849AAFC82}.Release|Any CPU.ActiveCfg = Release|Any CPU
		{89FB1A1E-22C3-49D2-B43D-C67849AAFC82}.Release|Any CPU.Build.0 = Release|Any CPU
		{68E9806B-2DA6-4D80-8703-A5256A134D38}.Debug|Any CPU.ActiveCfg = Debug|Any CPU
		{68E9806B-2DA6-4D80-8703-A5256A134D38}.Debug|Any CPU.Build.0 = Debug|Any CPU
		{68E9806B-2DA6-4D80-8703-A5256A134D38}.Release|Any CPU.ActiveCfg = Release|Any CPU
		{68E9806B-2DA6-4D80-8703-A5256A134D38}.Release|Any CPU.Build.0 = Release|Any CPU
		{C3934718-CEFE-4AA4-955B-ADBC4B627E3F}.Debug|Any CPU.ActiveCfg = Debug|Any CPU
		{C3934718-CEFE-4AA4-955B-ADBC4B627E3F}.Debug|Any CPU.Build.0 = Debug|Any CPU
		{C3934718-CEFE-4AA4-955B-ADBC4B627E3F}.Release|Any CPU.ActiveCfg = Release|Any CPU
		{C3934718-CEFE-4AA4-955B-ADBC4B627E3F}.Release|Any CPU.Build.0 = Release|Any CPU
	EndGlobalSection
	GlobalSection(SolutionProperties) = preSolution
		HideSolutionNode = FALSE
	EndGlobalSection
	GlobalSection(NestedProjects) = preSolution
		{89FB1A1E-22C3-49D2-B43D-C67849AAFC82} = {59EBC1A3-A8B0-477B-BB5E-13AED7BF788B}
		{68E9806B-2DA6-4D80-8703-A5256A134D38} = {59EBC1A3-A8B0-477B-BB5E-13AED7BF788B}
		{C3934718-CEFE-4AA4-955B-ADBC4B627E3F} = {59EBC1A3-A8B0-477B-BB5E-13AED7BF788B}
	EndGlobalSection
	GlobalSection(ExtensibilityGlobals) = postSolution
		SolutionGuid = {D8D9D441-9F22-4BD4-8031-88FE03B3CAB0}
	EndGlobalSection
EndGlobal
